# generated by rye
# use `rye lock` or `rye sync` to update this lockfile
#
# last locked with the following flags:
#   pre: false
#   features: []
#   all-features: false
#   with-sources: false
#   generate-hashes: false
#   universal: false

-e file:.
asgiref==3.8.1
    # via django
basedpyright==1.19.0
cffi==1.17.1
    # via cryptography
cryptography==43.0.1
    # via five-stars
django==5.1.1
    # via five-stars
markdown2==2.5.0
    # via five-stars
nodejs-wheel-binaries==20.18.0
    # via basedpyright
pillow==10.4.0
    # via five-stars
pycparser==2.22
    # via cffi
sqlparse==0.5.1
    # via django
